// !$*UTF8*$!
{
	archiveVersion = 1;
	classes = {
	};
	objectVersion = 46;
	objects = {

/* Begin PBXBuildFile section */
		91BBA3F21D5C600100B7323C /* main.c in Sources */ = {isa = PBXBuildFile; fileRef = 91BBA3F11D5C600100B7323C /* main.c */; };
/* End PBXBuildFile section */

/* Begin PBXCopyFilesBuildPhase section */
		91BBA3EC1D5C600100B7323C /* CopyFiles */ = {
			isa = PBXCopyFilesBuildPhase;
			buildActionMask = 2147483647;
			dstPath = /usr/share/man/man1/;
			dstSubfolderSpec = 0;
			files = (
			);
			runOnlyForDeploymentPostprocessing = 1;
		};
/* End PBXCopyFilesBuildPhase section */

/* Begin PBXFileReference section */
		91BBA3EE1D5C600100B7323C /* 删除重复值，留下一个方法2 */ = {isa = PBXFileReference; explicitFileType = "compiled.mach-o.executable"; includeInIndex = 0; path = "删除重复值，留下一个方法2"; sourceTree = BUILT_PRODUCTS_DIR; };
		91BBA3F11D5C600100B7323C /* main.c */ = {isa = PBXFileReference; lastKnownFileType = sourcecode.c.c; path = main.c; sourceTree = "<group>"; };
/* End PBXFileReference section */

/* Begin PBXFrameworksBuildPhase section */
		91BBA3EB1D5C600100B7323C /* Frameworks */ = {
			isa = PBXFrameworksBuildPhase;
			buildActionMask = 2147483647;
			files = (
			);
			runOnlyForDeploymentPostprocessing = 0;
		};
/* End PBXFrameworksBuildPhase section */

/* Begin PBXGroup section */
		91BBA3E51D5C600100B7323C = {
			isa = PBXGroup;
			children = (
				91BBA3F01D5C600100B7323C /* 删除重复值，留下一个方法2 */,
				91BBA3EF1D5C600100B7323C /* Products */,
			);
			sourceTree = "<group>";
		};
		91BBA3EF1D5C600100B7323C /* Products */ = {
			isa = PBXGroup;
			children = (
				91BBA3EE1D5C600100B7323C /* 删除重复值，留下一个方法2 */,
			);
			name = Products;
			sourceTree = "<group>";
		};
		91BBA3F01D5C600100B7323C /* 删除重复值，留下一个方法2 */ = {
			isa = PBXGroup;
			children = (
				91BBA3F11D5C600100B7323C /* main.c */,
			);
			path = "删除重复值，留下一个方法2";
			sourceTree = "<group>";
		};
/* End PBXGroup section */

/* Begin PBXNativeTarget section */
		91BBA3ED1D5C600100B7323C /* 删除重复值，留下一个方法2 */ = {
			isa = PBXNativeTarget;
			buildConfigurationList = 91BBA3F51D5C600100B7323C /* Build configuration list for PBXNativeTarget "删除重复值，留下一个方法2" */;
			buildPhases = (
				91BBA3EA1D5C600100B7323C /* Sources */,
				91BBA3EB1D5C600100B7323C /* Frameworks */,
				91BBA3EC1D5C600100B7323C /* CopyFiles */,
			);
			buildRules = (
			);
			dependencies = (
			);
			name = "删除重复值，留下一个方法2";
			productName = "删除重复值，留下一个方法2";
			productReference = 91BBA3EE1D5C600100B7323C /* 删除重复值，留下一个方法2 */;
			productType = "com.apple.product-type.tool";
		};
/* End PBXNativeTarget section */

/* Begin PBXProject section */
		91BBA3E61D5C600100B7323C /* Project object */ = {
			isa = PBXProject;
			attributes = {
				LastUpgradeCheck = 0730;
				ORGANIZATIONNAME = "吴方兵";
				TargetAttributes = {
					91BBA3ED1D5C600100B7323C = {
						CreatedOnToolsVersion = 7.3.1;
					};
				};
			};
			buildConfigurationList = 91BBA3E91D5C600100B7323C /* Build configuration list for PBXProject "删除重复值，留下一个方法2" */;
			compatibilityVersion = "Xcode 3.2";
			developmentRegion = English;
			hasScannedForEncodings = 0;
			knownRegions = (
				en,
			);
			mainGroup = 91BBA3E51D5C600100B7323C;
			productRefGroup = 91BBA3EF1D5C600100B7323C /* Products */;
			projectDirPath = "";
			projectRoot = "";
			targets = (
				91BBA3ED1D5C600100B7323C /* 删除重复值，留下一个方法2 */,
			);
		};
/* End PBXProject section */

/* Begin PBXSourcesBuildPhase section */
		91BBA3EA1D5C600100B7323C /* Sources */ = {
			isa = PBXSourcesBuildPhase;
			buildActionMask = 2147483647;
			files = (
				91BBA3F21D5C600100B7323C /* main.c in Sources */,
			);
			runOnlyForDeploymentPostprocessing = 0;
		};
/* End PBXSourcesBuildPhase section */

/* Begin XCBuildConfiguration section */
		91BBA3F31D5C600100B7323C /* Debug */ = {
			isa = XCBuildConfiguration;
			buildSettings = {
				ALWAYS_SEARCH_USER_PATHS = NO;
				CLANG_ANALYZER_NONNULL = YES;
				CLANG_CXX_LANGUAGE_STANDARD = "gnu++0x";
				CLANG_CXX_LIBRARY = "libc++";
				CLANG_ENABLE_MODULES = YES;
				CLANG_ENABLE_OBJC_ARC = YES;
				CLANG_WARN_BOOL_CONVERSION = YES;
				CLANG_WARN_CONSTANT_CONVERSION = YES;
				CLANG_WARN_DIRECT_OBJC_ISA_USAGE = YES_ERROR;
				CLANG_WARN_EMPTY_BODY = YES;
				CLANG_WARN_ENUM_CONVERSION = YES;
				CLANG_WARN_INT_CONVERSION = YES;
				CLANG_WARN_OBJC_ROOT_CLASS = YES_ERROR;
				CLANG_WARN_UNREACHABLE_CODE = YES;
				CLANG_WARN__DUPLICATE_METHOD_MATCH = YES;
				CODE_SIGN_IDENTITY = "-";
				COPY_PHASE_STRIP = NO;
				DEBUG_INFORMATION_FORMAT = dwarf;
				ENABLE_STRICT_OBJC_MSGSEND = YES;
				ENABLE_TESTABILITY = YES;
				GCC_C_LANGUAGE_STANDARD = gnu99;
				GCC_DYNAMIC_NO_PIC = NO;
				GCC_NO_COMMON_BLOCKS = YES;
				GCC_OPTIMIZATION_LEVEL = 0;
				GCC_PREPROCESSOR_DEFINITIONS = (
					"DEBUG=1",
					"$(inherited)",
				);
				GCC_WARN_64_TO_32_BIT_CONVERSION = YES;
				GCC_WARN_ABOUT_RETURN_TYPE = YES_ERROR;
				GCC_WARN_UNDECLARED_SELECTOR = YES;
				GCC_WARN_UNINITIALIZED_AUTOS = YES_AGGRESSIVE;
				GCC_WARN_UNUSED_FUNCTION = YES;
				GCC_WARN_UNUSED_VARIABLE = YES;
				MACOSX_DEPLOYMENT_TARGET = 10.11;
				MTL_ENABLE_DEBUG_INFO = YES;
				ONLY_ACTIVE_ARCH = YES;
				SDKROOT = macosx;
			};
			name = Debug;
		};
		91BBA3F41D5C600100B7323C /* Release */ = {
			isa = XCBuildConfiguration;
			buildSettings = {
				ALWAYS_SEARCH_USER_PATHS = NO;
				CLANG_ANALYZER_NONNULL = YES;
				CLANG_CXX_LANGUAGE_STANDARD = "gnu++0x";
				CLANG_CXX_LIBRARY = "libc++";
				CLANG_ENABLE_MODULES = YES;
				CLANG_ENABLE_OBJC_ARC = YES;
				CLANG_WARN_BOOL_CONVERSION = YES;
				CLANG_WARN_CONSTANT_CONVERSION = YES;
				CLANG_WARN_DIRECT_OBJC_ISA_USAGE = YES_ERROR;
				CLANG_WARN_EMPTY_BODY = YES;
				CLANG_WARN_ENUM_CONVERSION = YES;
				CLANG_WARN_INT_CONVERSION = YES;
				CLANG_WARN_OBJC_ROOT_CLASS = YES_ERROR;
				CLANG_WARN_UNREACHABLE_CODE = YES;
				CLANG_WARN__DUPLICATE_METHOD_MATCH = YES;
				CODE_SIGN_IDENTITY = "-";
				COPY_PHASE_STRIP = NO;
				DEBUG_INFORMATION_FORMAT = "dwarf-with-dsym";
				ENABLE_NS_ASSERTIONS = NO;
				ENABLE_STRICT_OBJC_MSGSEND = YES;
				GCC_C_LANGUAGE_STANDARD = gnu99;
				GCC_NO_COMMON_BLOCKS = YES;
				GCC_WARN_64_TO_32_BIT_CONVERSION = YES;
				GCC_WARN_ABOUT_RETURN_TYPE = YES_ERROR;
				GCC_WARN_UNDECLARED_SELECTOR = YES;
				GCC_WARN_UNINITIALIZED_AUTOS = YES_AGGRESSIVE;
				GCC_WARN_UNUSED_FUNCTION = YES;
				GCC_WARN_UNUSED_VARIABLE = YES;
				MACOSX_DEPLOYMENT_TARGET = 10.11;
				MTL_ENABLE_DEBUG_INFO = NO;
				SDKROOT = macosx;
			};
			name = Release;
		};
		91BBA3F61D5C600100B7323C /* Debug */ = {
			isa = XCBuildConfiguration;
			buildSettings = {
				PRODUCT_NAME = "$(TARGET_NAME)";
			};
			name = Debug;
		};
		91BBA3F71D5C600100B7323C /* Release */ = {
			isa = XCBuildConfiguration;
			buildSettings = {
				PRODUCT_NAME = "$(TARGET_NAME)";
			};
			name = Release;
		};
/* End XCBuildConfiguration section */

/* Begin XCConfigurationList section */
		91BBA3E91D5C600100B7323C /* Build configuration list for PBXProject "删除重复值，留下一个方法2" */ = {
			isa = XCConfigurationList;
			buildConfigurations = (
				91BBA3F31D5C600100B7323C /* Debug */,
				91BBA3F41D5C600100B7323C /* Release */,
			);
			defaultConfigurationIsVisible = 0;
			defaultConfigurationName = Release;
		};
		91BBA3F51D5C600100B7323C /* Build configuration list for PBXNativeTarget "删除重复值，留下一个方法2" */ = {
			isa = XCConfigurationList;
			buildConfigurations = (
				91BBA3F61D5C600100B7323C /* Debug */,
				91BBA3F71D5C600100B7323C /* Release */,
			);
			defaultConfigurationIsVisible = 0;
		};
/* End XCConfigurationList section */
	};
	rootObject = 91BBA3E61D5C600100B7323C /* Project object */;
}
