// !$*UTF8*$!
{
	archiveVersion = 1;
	classes = {
	};
	objectVersion = 46;
	objects = {

/* Begin PBXBuildFile section */
		91B03C661D574D39005ABAD9 /* main.c in Sources */ = {isa = PBXBuildFile; fileRef = 91B03C651D574D39005ABAD9 /* main.c */; };
/* End PBXBuildFile section */

/* Begin PBXCopyFilesBuildPhase section */
		91B03C601D574D39005ABAD9 /* CopyFiles */ = {
			isa = PBXCopyFilesBuildPhase;
			buildActionMask = 2147483647;
			dstPath = /usr/share/man/man1/;
			dstSubfolderSpec = 0;
			files = (
			);
			runOnlyForDeploymentPostprocessing = 1;
		};
/* End PBXCopyFilesBuildPhase section */

/* Begin PBXFileReference section */
		91B03C621D574D39005ABAD9 /* 前n个和后面m个交换位置1 */ = {isa = PBXFileReference; explicitFileType = "compiled.mach-o.executable"; includeInIndex = 0; path = "前n个和后面m个交换位置1"; sourceTree = BUILT_PRODUCTS_DIR; };
		91B03C651D574D39005ABAD9 /* main.c */ = {isa = PBXFileReference; lastKnownFileType = sourcecode.c.c; path = main.c; sourceTree = "<group>"; };
/* End PBXFileReference section */

/* Begin PBXFrameworksBuildPhase section */
		91B03C5F1D574D39005ABAD9 /* Frameworks */ = {
			isa = PBXFrameworksBuildPhase;
			buildActionMask = 2147483647;
			files = (
			);
			runOnlyForDeploymentPostprocessing = 0;
		};
/* End PBXFrameworksBuildPhase section */

/* Begin PBXGroup section */
		91B03C591D574D39005ABAD9 = {
			isa = PBXGroup;
			children = (
				91B03C641D574D39005ABAD9 /* 前n个和后面m个交换位置1 */,
				91B03C631D574D39005ABAD9 /* Products */,
			);
			sourceTree = "<group>";
		};
		91B03C631D574D39005ABAD9 /* Products */ = {
			isa = PBXGroup;
			children = (
				91B03C621D574D39005ABAD9 /* 前n个和后面m个交换位置1 */,
			);
			name = Products;
			sourceTree = "<group>";
		};
		91B03C641D574D39005ABAD9 /* 前n个和后面m个交换位置1 */ = {
			isa = PBXGroup;
			children = (
				91B03C651D574D39005ABAD9 /* main.c */,
			);
			path = "前n个和后面m个交换位置1";
			sourceTree = "<group>";
		};
/* End PBXGroup section */

/* Begin PBXNativeTarget section */
		91B03C611D574D39005ABAD9 /* 前n个和后面m个交换位置1 */ = {
			isa = PBXNativeTarget;
			buildConfigurationList = 91B03C691D574D39005ABAD9 /* Build configuration list for PBXNativeTarget "前n个和后面m个交换位置1" */;
			buildPhases = (
				91B03C5E1D574D39005ABAD9 /* Sources */,
				91B03C5F1D574D39005ABAD9 /* Frameworks */,
				91B03C601D574D39005ABAD9 /* CopyFiles */,
			);
			buildRules = (
			);
			dependencies = (
			);
			name = "前n个和后面m个交换位置1";
			productName = "前n个和后面m个交换位置1";
			productReference = 91B03C621D574D39005ABAD9 /* 前n个和后面m个交换位置1 */;
			productType = "com.apple.product-type.tool";
		};
/* End PBXNativeTarget section */

/* Begin PBXProject section */
		91B03C5A1D574D39005ABAD9 /* Project object */ = {
			isa = PBXProject;
			attributes = {
				LastUpgradeCheck = 0730;
				ORGANIZATIONNAME = "吴方兵";
				TargetAttributes = {
					91B03C611D574D39005ABAD9 = {
						CreatedOnToolsVersion = 7.3.1;
					};
				};
			};
			buildConfigurationList = 91B03C5D1D574D39005ABAD9 /* Build configuration list for PBXProject "前n个和后面m个交换位置1" */;
			compatibilityVersion = "Xcode 3.2";
			developmentRegion = English;
			hasScannedForEncodings = 0;
			knownRegions = (
				en,
			);
			mainGroup = 91B03C591D574D39005ABAD9;
			productRefGroup = 91B03C631D574D39005ABAD9 /* Products */;
			projectDirPath = "";
			projectRoot = "";
			targets = (
				91B03C611D574D39005ABAD9 /* 前n个和后面m个交换位置1 */,
			);
		};
/* End PBXProject section */

/* Begin PBXSourcesBuildPhase section */
		91B03C5E1D574D39005ABAD9 /* Sources */ = {
			isa = PBXSourcesBuildPhase;
			buildActionMask = 2147483647;
			files = (
				91B03C661D574D39005ABAD9 /* main.c in Sources */,
			);
			runOnlyForDeploymentPostprocessing = 0;
		};
/* End PBXSourcesBuildPhase section */

/* Begin XCBuildConfiguration section */
		91B03C671D574D39005ABAD9 /* Debug */ = {
			isa = XCBuildConfiguration;
			buildSettings = {
				ALWAYS_SEARCH_USER_PATHS = NO;
				CLANG_ANALYZER_NONNULL = YES;
				CLANG_CXX_LANGUAGE_STANDARD = "gnu++0x";
				CLANG_CXX_LIBRARY = "libc++";
				CLANG_ENABLE_MODULES = YES;
				CLANG_ENABLE_OBJC_ARC = YES;
				CLANG_WARN_BOOL_CONVERSION = YES;
				CLANG_WARN_CONSTANT_CONVERSION = YES;
				CLANG_WARN_DIRECT_OBJC_ISA_USAGE = YES_ERROR;
				CLANG_WARN_EMPTY_BODY = YES;
				CLANG_WARN_ENUM_CONVERSION = YES;
				CLANG_WARN_INT_CONVERSION = YES;
				CLANG_WARN_OBJC_ROOT_CLASS = YES_ERROR;
				CLANG_WARN_UNREACHABLE_CODE = YES;
				CLANG_WARN__DUPLICATE_METHOD_MATCH = YES;
				CODE_SIGN_IDENTITY = "-";
				COPY_PHASE_STRIP = NO;
				DEBUG_INFORMATION_FORMAT = dwarf;
				ENABLE_STRICT_OBJC_MSGSEND = YES;
				ENABLE_TESTABILITY = YES;
				GCC_C_LANGUAGE_STANDARD = gnu99;
				GCC_DYNAMIC_NO_PIC = NO;
				GCC_NO_COMMON_BLOCKS = YES;
				GCC_OPTIMIZATION_LEVEL = 0;
				GCC_PREPROCESSOR_DEFINITIONS = (
					"DEBUG=1",
					"$(inherited)",
				);
				GCC_WARN_64_TO_32_BIT_CONVERSION = YES;
				GCC_WARN_ABOUT_RETURN_TYPE = YES_ERROR;
				GCC_WARN_UNDECLARED_SELECTOR = YES;
				GCC_WARN_UNINITIALIZED_AUTOS = YES_AGGRESSIVE;
				GCC_WARN_UNUSED_FUNCTION = YES;
				GCC_WARN_UNUSED_VARIABLE = YES;
				MACOSX_DEPLOYMENT_TARGET = 10.11;
				MTL_ENABLE_DEBUG_INFO = YES;
				ONLY_ACTIVE_ARCH = YES;
				SDKROOT = macosx;
			};
			name = Debug;
		};
		91B03C681D574D39005ABAD9 /* Release */ = {
			isa = XCBuildConfiguration;
			buildSettings = {
				ALWAYS_SEARCH_USER_PATHS = NO;
				CLANG_ANALYZER_NONNULL = YES;
				CLANG_CXX_LANGUAGE_STANDARD = "gnu++0x";
				CLANG_CXX_LIBRARY = "libc++";
				CLANG_ENABLE_MODULES = YES;
				CLANG_ENABLE_OBJC_ARC = YES;
				CLANG_WARN_BOOL_CONVERSION = YES;
				CLANG_WARN_CONSTANT_CONVERSION = YES;
				CLANG_WARN_DIRECT_OBJC_ISA_USAGE = YES_ERROR;
				CLANG_WARN_EMPTY_BODY = YES;
				CLANG_WARN_ENUM_CONVERSION = YES;
				CLANG_WARN_INT_CONVERSION = YES;
				CLANG_WARN_OBJC_ROOT_CLASS = YES_ERROR;
				CLANG_WARN_UNREACHABLE_CODE = YES;
				CLANG_WARN__DUPLICATE_METHOD_MATCH = YES;
				CODE_SIGN_IDENTITY = "-";
				COPY_PHASE_STRIP = NO;
				DEBUG_INFORMATION_FORMAT = "dwarf-with-dsym";
				ENABLE_NS_ASSERTIONS = NO;
				ENABLE_STRICT_OBJC_MSGSEND = YES;
				GCC_C_LANGUAGE_STANDARD = gnu99;
				GCC_NO_COMMON_BLOCKS = YES;
				GCC_WARN_64_TO_32_BIT_CONVERSION = YES;
				GCC_WARN_ABOUT_RETURN_TYPE = YES_ERROR;
				GCC_WARN_UNDECLARED_SELECTOR = YES;
				GCC_WARN_UNINITIALIZED_AUTOS = YES_AGGRESSIVE;
				GCC_WARN_UNUSED_FUNCTION = YES;
				GCC_WARN_UNUSED_VARIABLE = YES;
				MACOSX_DEPLOYMENT_TARGET = 10.11;
				MTL_ENABLE_DEBUG_INFO = NO;
				SDKROOT = macosx;
			};
			name = Release;
		};
		91B03C6A1D574D39005ABAD9 /* Debug */ = {
			isa = XCBuildConfiguration;
			buildSettings = {
				PRODUCT_NAME = "$(TARGET_NAME)";
			};
			name = Debug;
		};
		91B03C6B1D574D39005ABAD9 /* Release */ = {
			isa = XCBuildConfiguration;
			buildSettings = {
				PRODUCT_NAME = "$(TARGET_NAME)";
			};
			name = Release;
		};
/* End XCBuildConfiguration section */

/* Begin XCConfigurationList section */
		91B03C5D1D574D39005ABAD9 /* Build configuration list for PBXProject "前n个和后面m个交换位置1" */ = {
			isa = XCConfigurationList;
			buildConfigurations = (
				91B03C671D574D39005ABAD9 /* Debug */,
				91B03C681D574D39005ABAD9 /* Release */,
			);
			defaultConfigurationIsVisible = 0;
			defaultConfigurationName = Release;
		};
		91B03C691D574D39005ABAD9 /* Build configuration list for PBXNativeTarget "前n个和后面m个交换位置1" */ = {
			isa = XCConfigurationList;
			buildConfigurations = (
				91B03C6A1D574D39005ABAD9 /* Debug */,
				91B03C6B1D574D39005ABAD9 /* Release */,
			);
			defaultConfigurationIsVisible = 0;
		};
/* End XCConfigurationList section */
	};
	rootObject = 91B03C5A1D574D39005ABAD9 /* Project object */;
}
